
Microsoft Visual Studio Solution File, Format Version 12.00
# Visual Studio Version 16
VisualStudioVersion = 16.0.30011.22
MinimumVisualStudioVersion = 10.0.40219.1
Project("{9A19103F-16F7-4668-BE54-9A1E7A4F7556}") = "WebGraph.NovelReminder", "NovelReminder\WebGraph.NovelReminder.csproj", "{F008BD6D-A643-414F-9D88-94551AC879EF}"
EndProject
Project("{9A19103F-16F7-4668-BE54-9A1E7A4F7556}") = "WebGraph", "WebGraph\WebGraph.csproj", "{812945DA-A6B8-421D-9609-27C78D23A08F}"
EndProject
Global
	GlobalSection(SolutionConfigurationPlatforms) = preSolution
		Debug|Any CPU = Debug|Any CPU
		Debug|x64 = Debug|x64
		Debug|x86 = Debug|x86
		Release|Any CPU = Release|Any CPU
		Release|x64 = Release|x64
		Release|x86 = Release|x86
	EndGlobalSection
	GlobalSection(ProjectConfigurationPlatforms) = postSolution
		{F008BD6D-A643-414F-9D88-94551AC879EF}.Debug|Any CPU.ActiveCfg = Debug|Any CPU
		{F008BD6D-A643-414F-9D88-94551AC879EF}.Debug|Any CPU.Build.0 = Debug|Any CPU
		{F008BD6D-A643-414F-9D88-94551AC879EF}.Debug|x64.ActiveCfg = Debug|Any CPU
		{F008BD6D-A643-414F-9D88-94551AC879EF}.Debug|x64.Build.0 = Debug|Any CPU
		{F008BD6D-A643-414F-9D88-94551AC879EF}.Debug|x86.ActiveCfg = Debug|Any CPU
		{F008BD6D-A643-414F-9D88-94551AC879EF}.Debug|x86.Build.0 = Debug|Any CPU
		{F008BD6D-A643-414F-9D88-94551AC879EF}.Release|Any CPU.ActiveCfg = Release|Any CPU
		{F008BD6D-A643-414F-9D88-94551AC879EF}.Release|Any CPU.Build.0 = Release|Any CPU
		{F008BD6D-A643-414F-9D88-94551AC879EF}.Release|x64.ActiveCfg = Release|Any CPU
		{F008BD6D-A643-414F-9D88-94551AC879EF}.Release|x64.Build.0 = Release|Any CPU
		{F008BD6D-A643-414F-9D88-94551AC879EF}.Release|x86.ActiveCfg = Release|Any CPU
		{F008BD6D-A643-414F-9D88-94551AC879EF}.Release|x86.Build.0 = Release|Any CPU
		{812945DA-A6B8-421D-9609-27C78D23A08F}.Debug|Any CPU.ActiveCfg = Debug|Any CPU
		{812945DA-A6B8-421D-9609-27C78D23A08F}.Debug|Any CPU.Build.0 = Debug|Any CPU
		{812945DA-A6B8-421D-9609-27C78D23A08F}.Debug|x64.ActiveCfg = Debug|Any CPU
		{812945DA-A6B8-421D-9609-27C78D23A08F}.Debug|x64.Build.0 = Debug|Any CPU
		{812945DA-A6B8-421D-9609-27C78D23A08F}.Debug|x86.ActiveCfg = Debug|Any CPU
		{812945DA-A6B8-421D-9609-27C78D23A08F}.Debug|x86.Build.0 = Debug|Any CPU
		{812945DA-A6B8-421D-9609-27C78D23A08F}.Release|Any CPU.ActiveCfg = Release|Any CPU
		{812945DA-A6B8-421D-9609-27C78D23A08F}.Release|Any CPU.Build.0 = Release|Any CPU
		{812945DA-A6B8-421D-9609-27C78D23A08F}.Release|x64.ActiveCfg = Release|Any CPU
		{812945DA-A6B8-421D-9609-27C78D23A08F}.Release|x64.Build.0 = Release|Any CPU
		{812945DA-A6B8-421D-9609-27C78D23A08F}.Release|x86.ActiveCfg = Release|Any CPU
		{812945DA-A6B8-421D-9609-27C78D23A08F}.Release|x86.Build.0 = Release|Any CPU
	EndGlobalSection
	GlobalSection(SolutionProperties) = preSolution
		HideSolutionNode = FALSE
	EndGlobalSection
	GlobalSection(ExtensibilityGlobals) = postSolution
		SolutionGuid = {B9BAE75E-F3F1-4A99-85E8-5A7956A55BE2}
	EndGlobalSection
EndGlobal
