
Microsoft Visual Studio Solution File, Format Version 12.00
# Visual Studio Version 16
VisualStudioVersion = 16.0.30011.22
MinimumVisualStudioVersion = 10.0.40219.1
Project("{9A19103F-16F7-4668-BE54-9A1E7A4F7556}") = "NovelReminder", "NovelReminder\NovelReminder.csproj", "{F008BD6D-A643-414F-9D88-94551AC879EF}"
EndProject
Project("{FAE04EC0-301F-11D3-BF4B-00C04F79EFBC}") = "RazorPage", "RazorPage\RazorPage.csproj", "{87E054CB-2519-4A5D-B9EC-B5DE1C49A5FB}"
EndProject
Global
	GlobalSection(SolutionConfigurationPlatforms) = preSolution
		Debug|Any CPU = Debug|Any CPU
		Release|Any CPU = Release|Any CPU
	EndGlobalSection
	GlobalSection(ProjectConfigurationPlatforms) = postSolution
		{F008BD6D-A643-414F-9D88-94551AC879EF}.Debug|Any CPU.ActiveCfg = Debug|Any CPU
		{F008BD6D-A643-414F-9D88-94551AC879EF}.Debug|Any CPU.Build.0 = Debug|Any CPU
		{F008BD6D-A643-414F-9D88-94551AC879EF}.Release|Any CPU.ActiveCfg = Release|Any CPU
		{F008BD6D-A643-414F-9D88-94551AC879EF}.Release|Any CPU.Build.0 = Release|Any CPU
		{87E054CB-2519-4A5D-B9EC-B5DE1C49A5FB}.Debug|Any CPU.ActiveCfg = Debug|Any CPU
		{87E054CB-2519-4A5D-B9EC-B5DE1C49A5FB}.Debug|Any CPU.Build.0 = Debug|Any CPU
		{87E054CB-2519-4A5D-B9EC-B5DE1C49A5FB}.Release|Any CPU.ActiveCfg = Release|Any CPU
		{87E054CB-2519-4A5D-B9EC-B5DE1C49A5FB}.Release|Any CPU.Build.0 = Release|Any CPU
	EndGlobalSection
	GlobalSection(SolutionProperties) = preSolution
		HideSolutionNode = FALSE
	EndGlobalSection
	GlobalSection(ExtensibilityGlobals) = postSolution
		SolutionGuid = {B9BAE75E-F3F1-4A99-85E8-5A7956A55BE2}
	EndGlobalSection
EndGlobal
